
Microsoft Visual Studio Solution File, Format Version 12.00
# Visual Studio Version 17
VisualStudioVersion = 17.0.31903.59
MinimumVisualStudioVersion = 10.0.40219.1
Project("{FAE04EC0-301F-11D3-BF4B-00C04F79EFBC}") = "3.1", "3.1\3.1.csproj", "{CAC20EF0-A897-4189-8C62-5DEC1DD0019E}"
EndProject
Project("{FAE04EC0-301F-11D3-BF4B-00C04F79EFBC}") = "GameObserver", "GameObserver\GameObserver.csproj", "{068A51F1-8B86-474B-8ACF-7CD337134CB0}"
EndProject
Global
	GlobalSection(SolutionConfigurationPlatforms) = preSolution
		Debug|Any CPU = Debug|Any CPU
		Release|Any CPU = Release|Any CPU
	EndGlobalSection
	GlobalSection(ProjectConfigurationPlatforms) = postSolution
		{CAC20EF0-A897-4189-8C62-5DEC1DD0019E}.Debug|Any CPU.ActiveCfg = Debug|Any CPU
		{CAC20EF0-A897-4189-8C62-5DEC1DD0019E}.Debug|Any CPU.Build.0 = Debug|Any CPU
		{CAC20EF0-A897-4189-8C62-5DEC1DD0019E}.Release|Any CPU.ActiveCfg = Release|Any CPU
		{CAC20EF0-A897-4189-8C62-5DEC1DD0019E}.Release|Any CPU.Build.0 = Release|Any CPU
		{068A51F1-8B86-474B-8ACF-7CD337134CB0}.Debug|Any CPU.ActiveCfg = Debug|Any CPU
		{068A51F1-8B86-474B-8ACF-7CD337134CB0}.Debug|Any CPU.Build.0 = Debug|Any CPU
		{068A51F1-8B86-474B-8ACF-7CD337134CB0}.Release|Any CPU.ActiveCfg = Release|Any CPU
		{068A51F1-8B86-474B-8ACF-7CD337134CB0}.Release|Any CPU.Build.0 = Release|Any CPU
	EndGlobalSection
	GlobalSection(SolutionProperties) = preSolution
		HideSolutionNode = FALSE
	EndGlobalSection
EndGlobal
